
Microsoft Visual Studio Solution File, Format Version 12.00
# Visual Studio 2012
Project("{FAE04EC0-301F-11D3-BF4B-00C04F79EFBC}") = "RCTS-Prod", "RCTS-Prod\RCTS-Prod.csproj", "{8C778127-B07E-410A-B3C8-3FB6F55B5D45}"
EndProject
Project("{FAE04EC0-301F-11D3-BF4B-00C04F79EFBC}") = "RCTS-Prod.Tests", "RCTS-Prod.Tests\RCTS-Prod.Tests.csproj", "{C2133B9F-304A-4735-AB50-06EB937CB449}"
EndProject
Global
	GlobalSection(SolutionConfigurationPlatforms) = preSolution
		Debug|Any CPU = Debug|Any CPU
		Release|Any CPU = Release|Any CPU
	EndGlobalSection
	GlobalSection(ProjectConfigurationPlatforms) = postSolution
		{8C778127-B07E-410A-B3C8-3FB6F55B5D45}.Debug|Any CPU.ActiveCfg = Debug|Any CPU
		{8C778127-B07E-410A-B3C8-3FB6F55B5D45}.Debug|Any CPU.Build.0 = Debug|Any CPU
		{8C778127-B07E-410A-B3C8-3FB6F55B5D45}.Release|Any CPU.ActiveCfg = Release|Any CPU
		{8C778127-B07E-410A-B3C8-3FB6F55B5D45}.Release|Any CPU.Build.0 = Release|Any CPU
		{C2133B9F-304A-4735-AB50-06EB937CB449}.Debug|Any CPU.ActiveCfg = Debug|Any CPU
		{C2133B9F-304A-4735-AB50-06EB937CB449}.Debug|Any CPU.Build.0 = Debug|Any CPU
		{C2133B9F-304A-4735-AB50-06EB937CB449}.Release|Any CPU.ActiveCfg = Release|Any CPU
		{C2133B9F-304A-4735-AB50-06EB937CB449}.Release|Any CPU.Build.0 = Release|Any CPU
	EndGlobalSection
	GlobalSection(SolutionProperties) = preSolution
		HideSolutionNode = FALSE
	EndGlobalSection
EndGlobal
