
Microsoft Visual Studio Solution File, Format Version 11.00
# Visual Studio 2010
Project("{FAE04EC0-301F-11D3-BF4B-00C04F79EFBC}") = "RCTS-Prod", "RCTS-Prod\RCTS-Prod.csproj", "{A428CF56-7830-483B-BD35-7F8F85F8FE3F}"
EndProject
Project("{FAE04EC0-301F-11D3-BF4B-00C04F79EFBC}") = "RCTS-Prod.Tests", "RCTS-Prod.Tests\RCTS-Prod.Tests.csproj", "{8140AD7F-69CA-45CA-AA8F-D5335CBE7A79}"
EndProject
Global
	GlobalSection(SolutionConfigurationPlatforms) = preSolution
		Debug|Any CPU = Debug|Any CPU
		Release|Any CPU = Release|Any CPU
	EndGlobalSection
	GlobalSection(ProjectConfigurationPlatforms) = postSolution
		{A428CF56-7830-483B-BD35-7F8F85F8FE3F}.Debug|Any CPU.ActiveCfg = Debug|Any CPU
		{A428CF56-7830-483B-BD35-7F8F85F8FE3F}.Debug|Any CPU.Build.0 = Debug|Any CPU
		{A428CF56-7830-483B-BD35-7F8F85F8FE3F}.Release|Any CPU.ActiveCfg = Release|Any CPU
		{A428CF56-7830-483B-BD35-7F8F85F8FE3F}.Release|Any CPU.Build.0 = Release|Any CPU
		{8140AD7F-69CA-45CA-AA8F-D5335CBE7A79}.Debug|Any CPU.ActiveCfg = Debug|Any CPU
		{8140AD7F-69CA-45CA-AA8F-D5335CBE7A79}.Debug|Any CPU.Build.0 = Debug|Any CPU
		{8140AD7F-69CA-45CA-AA8F-D5335CBE7A79}.Release|Any CPU.ActiveCfg = Release|Any CPU
		{8140AD7F-69CA-45CA-AA8F-D5335CBE7A79}.Release|Any CPU.Build.0 = Release|Any CPU
	EndGlobalSection
	GlobalSection(SolutionProperties) = preSolution
		HideSolutionNode = FALSE
	EndGlobalSection
EndGlobal
